
Microsoft Visual Studio Solution File, Format Version 12.00
# Visual Studio Version 17
VisualStudioVersion = 17.5.33627.172
MinimumVisualStudioVersion = 10.0.40219.1
Project("{FAE04EC0-301F-11D3-BF4B-00C04F79EFBC}") = "AzureBlobStorageManager", "AzureBlobStorageManager\AzureBlobStorageManager.csproj", "{C4B0CB58-B5D3-4A22-ADC3-71964D12EA13}"
EndProject
Global
	GlobalSection(SolutionConfigurationPlatforms) = preSolution
		Debug|Any CPU = Debug|Any CPU
		Release|Any CPU = Release|Any CPU
	EndGlobalSection
	GlobalSection(ProjectConfigurationPlatforms) = postSolution
		{C4B0CB58-B5D3-4A22-ADC3-71964D12EA13}.Debug|Any CPU.ActiveCfg = Debug|Any CPU
		{C4B0CB58-B5D3-4A22-ADC3-71964D12EA13}.Debug|Any CPU.Build.0 = Debug|Any CPU
		{C4B0CB58-B5D3-4A22-ADC3-71964D12EA13}.Release|Any CPU.ActiveCfg = Release|Any CPU
		{C4B0CB58-B5D3-4A22-ADC3-71964D12EA13}.Release|Any CPU.Build.0 = Release|Any CPU
	EndGlobalSection
	GlobalSection(SolutionProperties) = preSolution
		HideSolutionNode = FALSE
	EndGlobalSection
	GlobalSection(ExtensibilityGlobals) = postSolution
		SolutionGuid = {56FB4338-19C9-419C-9FC3-EE73AB088170}
	EndGlobalSection
EndGlobal
